github.com/sxravan/greetings v0.0.0-20250131013308-148e8957f6fb h1:m8k31iRYqC/QVMTjAZSWVQmzT895KzuHt2pOQB2gbQE=
github.com/sxravan/greetings v0.0.0-20250131013308-148e8957f6fb/go.mod h1:wJhjGkCKLOjjAdJ58akWx21crNjosdPBHVSbmUh/9XQ=
github.com/sxravan/greetings v1.0.2 h1:QDLfvTHKGDbikIamRIFz9IgQ0UHC2v3kF+0kADDMbf8=
github.com/sxravan/greetings v1.0.2/go.mod h1:wJhjGkCKLOjjAdJ58akWx21crNjosdPBHVSbmUh/9XQ=
github.com/sxravan/greetings v1.0.3 h1:RoQYYYklbMcqKuRxxmW9mtRKQ80HyzxSQrL7s88PJiQ=
github.com/sxravan/greetings v1.0.3/go.mod h1:wJhjGkCKLOjjAdJ58akWx21crNjosdPBHVSbmUh/9XQ=
